
Microsoft Visual Studio Solution File, Format Version 12.00
# Visual Studio Version 17
VisualStudioVersion = 17.4.33122.133
MinimumVisualStudioVersion = 10.0.40219.1
Project("{FAE04EC0-301F-11D3-BF4B-00C04F79EFBC}") = "test117", "test117\test117.csproj", "{196AD61F-B569-4421-B50A-B0EF0B60068D}"
EndProject
Global
	GlobalSection(SolutionConfigurationPlatforms) = preSolution
		Debug|Any CPU = Debug|Any CPU
		Release|Any CPU = Release|Any CPU
	EndGlobalSection
	GlobalSection(ProjectConfigurationPlatforms) = postSolution
		{196AD61F-B569-4421-B50A-B0EF0B60068D}.Debug|Any CPU.ActiveCfg = Debug|Any CPU
		{196AD61F-B569-4421-B50A-B0EF0B60068D}.Debug|Any CPU.Build.0 = Debug|Any CPU
		{196AD61F-B569-4421-B50A-B0EF0B60068D}.Release|Any CPU.ActiveCfg = Release|Any CPU
		{196AD61F-B569-4421-B50A-B0EF0B60068D}.Release|Any CPU.Build.0 = Release|Any CPU
	EndGlobalSection
	GlobalSection(SolutionProperties) = preSolution
		HideSolutionNode = FALSE
	EndGlobalSection
	GlobalSection(ExtensibilityGlobals) = postSolution
		SolutionGuid = {11C916DD-E892-45B0-A725-5411313354E6}
	EndGlobalSection
EndGlobal
